
Microsoft Visual Studio Solution File, Format Version 12.00
Project("{FAE04EC0-301F-11D3-BF4B-00C04F79EFBC}") = "csharp", "csharp.csproj", "{DA231008-FAC7-4D96-8C63-67C3E3D9DAA0}"
EndProject
Global
	GlobalSection(SolutionConfigurationPlatforms) = preSolution
		Debug|Any CPU = Debug|Any CPU
		Release|Any CPU = Release|Any CPU
	EndGlobalSection
	GlobalSection(ProjectConfigurationPlatforms) = postSolution
		{DA231008-FAC7-4D96-8C63-67C3E3D9DAA0}.Debug|Any CPU.ActiveCfg = Debug|Any CPU
		{DA231008-FAC7-4D96-8C63-67C3E3D9DAA0}.Debug|Any CPU.Build.0 = Debug|Any CPU
		{DA231008-FAC7-4D96-8C63-67C3E3D9DAA0}.Release|Any CPU.ActiveCfg = Release|Any CPU
		{DA231008-FAC7-4D96-8C63-67C3E3D9DAA0}.Release|Any CPU.Build.0 = Release|Any CPU
	EndGlobalSection
EndGlobal
